{
  "name": "xc-sdk-react",
  "version": "1.1.0",
  "lockfileVersion": 2,
  "requires": true,
  "packages": {
    "": {
      "name": "xc-sdk-react",
      "version": "1.1.0",
      "license": "ISC",
      "dependencies": {
        "@fingerprintjs/fingerprintjs": "^3.3.6",
        "@fingerprintjs/fingerprintjs-pro": "^3.7.1"
      },
      "devDependencies": {}
    },
    "node_modules/@fingerprintjs/fingerprintjs": {
      "version": "3.3.6",
      "resolved": "https://registry.npmjs.org/@fingerprintjs/fingerprintjs/-/fingerprintjs-3.3.6.tgz",
      "integrity": "sha512-Inh0OoFVzO2PLvrUF8RZhY9NVDdg9DJHQ5YlvXhrGtQxSPzy2smS3TWzLAi+zlHSJNHSvi+1zYayLen2lGxjdA==",
      "dependencies": {
        "tslib": "^2.0.1"
      }
    },
    "node_modules/@fingerprintjs/fingerprintjs-pro": {
      "version": "3.7.1",
      "resolved": "https://registry.npmjs.org/@fingerprintjs/fingerprintjs-pro/-/fingerprintjs-pro-3.7.1.tgz",
      "integrity": "sha512-06t3lqFwq0fpt5MFfppoNfZgd/jhnfv15lklVtaGhqkKyNpB81kwCM9iIqku7dhaEUFXlGZg5VcoA8zjkC483A==",
      "dependencies": {
        "tslib": "^2.0.1"
      }
    },
    "node_modules/tslib": {
      "version": "2.4.0",
      "resolved": "https://registry.npmjs.org/tslib/-/tslib-2.4.0.tgz",
      "integrity": "sha512-d6xOpEDfsi2CZVlPQzGeux8XMwLT9hssAsaPYExaQMuYskwb+x1x7J371tWlbBdWHroy99KnVB6qIkUbs5X3UQ=="
    }
  },
  "dependencies": {
    "@fingerprintjs/fingerprintjs": {
      "version": "3.3.6",
      "resolved": "https://registry.npmjs.org/@fingerprintjs/fingerprintjs/-/fingerprintjs-3.3.6.tgz",
      "integrity": "sha512-Inh0OoFVzO2PLvrUF8RZhY9NVDdg9DJHQ5YlvXhrGtQxSPzy2smS3TWzLAi+zlHSJNHSvi+1zYayLen2lGxjdA==",
      "requires": {
        "tslib": "^2.0.1"
      }
    },
    "@fingerprintjs/fingerprintjs-pro": {
      "version": "3.7.1",
      "resolved": "https://registry.npmjs.org/@fingerprintjs/fingerprintjs-pro/-/fingerprintjs-pro-3.7.1.tgz",
      "integrity": "sha512-06t3lqFwq0fpt5MFfppoNfZgd/jhnfv15lklVtaGhqkKyNpB81kwCM9iIqku7dhaEUFXlGZg5VcoA8zjkC483A==",
      "requires": {
        "tslib": "^2.0.1"
      }
    },
    "tslib": {
      "version": "2.4.0",
      "resolved": "https://registry.npmjs.org/tslib/-/tslib-2.4.0.tgz",
      "integrity": "sha512-d6xOpEDfsi2CZVlPQzGeux8XMwLT9hssAsaPYExaQMuYskwb+x1x7J371tWlbBdWHroy99KnVB6qIkUbs5X3UQ=="
    }
  }
}
