{
  "name": "xc-sdk-react",
  "lockfileVersion": 2,
  "requires": true,
  "packages": {
    "": {
      "dependencies": {
        "@fingerprintjs/fingerprintjs": "^3.3.6"
      },
      "version": "1.0.1"
    },
    "node_modules/@fingerprintjs/fingerprintjs": {
      "version": "3.3.6",
      "resolved": "https://registry.npmjs.org/@fingerprintjs/fingerprintjs/-/fingerprintjs-3.3.6.tgz",
      "integrity": "sha512-Inh0OoFVzO2PLvrUF8RZhY9NVDdg9DJHQ5YlvXhrGtQxSPzy2smS3TWzLAi+zlHSJNHSvi+1zYayLen2lGxjdA==",
      "dependencies": {
        "tslib": "^2.0.1"
      }
    },
    "node_modules/tslib": {
      "version": "2.4.0",
      "resolved": "https://registry.npmjs.org/tslib/-/tslib-2.4.0.tgz",
      "integrity": "sha512-d6xOpEDfsi2CZVlPQzGeux8XMwLT9hssAsaPYExaQMuYskwb+x1x7J371tWlbBdWHroy99KnVB6qIkUbs5X3UQ=="
    }
  },
  "dependencies": {
    "@fingerprintjs/fingerprintjs": {
      "version": "3.3.6",
      "resolved": "https://registry.npmjs.org/@fingerprintjs/fingerprintjs/-/fingerprintjs-3.3.6.tgz",
      "integrity": "sha512-Inh0OoFVzO2PLvrUF8RZhY9NVDdg9DJHQ5YlvXhrGtQxSPzy2smS3TWzLAi+zlHSJNHSvi+1zYayLen2lGxjdA==",
      "requires": {
        "tslib": "^2.0.1"
      }
    },
    "tslib": {
      "version": "2.4.0",
      "resolved": "https://registry.npmjs.org/tslib/-/tslib-2.4.0.tgz",
      "integrity": "sha512-d6xOpEDfsi2CZVlPQzGeux8XMwLT9hssAsaPYExaQMuYskwb+x1x7J371tWlbBdWHroy99KnVB6qIkUbs5X3UQ=="
    }
  },
  "version": "1.0.1"
}
